
Microsoft Visual Studio Solution File, Format Version 12.00
# Visual Studio Version 17
VisualStudioVersion = 17.13.35919.96 d17.13
MinimumVisualStudioVersion = 10.0.40219.1
Project("{FAE04EC0-301F-11D3-BF4B-00C04F79EFBC}") = "ChallengeApp", "ChallengeApp\ChallengeApp.csproj", "{C6B20067-884F-4C2D-A3EC-38DAEE7B10D1}"
EndProject
Global
	GlobalSection(SolutionConfigurationPlatforms) = preSolution
		Debug|Any CPU = Debug|Any CPU
		Release|Any CPU = Release|Any CPU
	EndGlobalSection
	GlobalSection(ProjectConfigurationPlatforms) = postSolution
		{C6B20067-884F-4C2D-A3EC-38DAEE7B10D1}.Debug|Any CPU.ActiveCfg = Debug|Any CPU
		{C6B20067-884F-4C2D-A3EC-38DAEE7B10D1}.Debug|Any CPU.Build.0 = Debug|Any CPU
		{C6B20067-884F-4C2D-A3EC-38DAEE7B10D1}.Release|Any CPU.ActiveCfg = Release|Any CPU
		{C6B20067-884F-4C2D-A3EC-38DAEE7B10D1}.Release|Any CPU.Build.0 = Release|Any CPU
	EndGlobalSection
	GlobalSection(SolutionProperties) = preSolution
		HideSolutionNode = FALSE
	EndGlobalSection
	GlobalSection(ExtensibilityGlobals) = postSolution
		SolutionGuid = {BECDA4BD-363B-4FA4-B137-B07EA0A680A5}
	EndGlobalSection
EndGlobal
